
Microsoft Visual Studio Solution File, Format Version 12.00
# Visual Studio 15
VisualStudioVersion = 15.0.26403.7
MinimumVisualStudioVersion = 10.0.40219.1
Project("{FAE04EC0-301F-11D3-BF4B-00C04F79EFBC}") = "Web38", "Web38\Web38.csproj", "{72AE46F3-A7A2-4C8E-99ED-72C18DE3EE68}"
EndProject
Project("{FAE04EC0-301F-11D3-BF4B-00C04F79EFBC}") = "Web38WF", "Web38WF\Web38WF.csproj", "{CAC447D7-4672-42AE-8714-9A16115FB788}"
EndProject
Global
	GlobalSection(SolutionConfigurationPlatforms) = preSolution
		Debug|Any CPU = Debug|Any CPU
		Release|Any CPU = Release|Any CPU
	EndGlobalSection
	GlobalSection(ProjectConfigurationPlatforms) = postSolution
		{72AE46F3-A7A2-4C8E-99ED-72C18DE3EE68}.Debug|Any CPU.ActiveCfg = Debug|Any CPU
		{72AE46F3-A7A2-4C8E-99ED-72C18DE3EE68}.Debug|Any CPU.Build.0 = Debug|Any CPU
		{72AE46F3-A7A2-4C8E-99ED-72C18DE3EE68}.Release|Any CPU.ActiveCfg = Release|Any CPU
		{72AE46F3-A7A2-4C8E-99ED-72C18DE3EE68}.Release|Any CPU.Build.0 = Release|Any CPU
		{CAC447D7-4672-42AE-8714-9A16115FB788}.Debug|Any CPU.ActiveCfg = Debug|Any CPU
		{CAC447D7-4672-42AE-8714-9A16115FB788}.Debug|Any CPU.Build.0 = Debug|Any CPU
		{CAC447D7-4672-42AE-8714-9A16115FB788}.Release|Any CPU.ActiveCfg = Release|Any CPU
		{CAC447D7-4672-42AE-8714-9A16115FB788}.Release|Any CPU.Build.0 = Release|Any CPU
	EndGlobalSection
	GlobalSection(SolutionProperties) = preSolution
		HideSolutionNode = FALSE
	EndGlobalSection
EndGlobal
